// !$*UTF8*$!
{
	archiveVersion = 1;
	classes = {
	};
	objectVersion = 50;
	objects = {

/* Begin PBXBuildFile section */
		3F950A4721C1072D00745643 /* AppDelegate.swift in Sources */ = {isa = PBXBuildFile; fileRef = 3F950A4621C1072D00745643 /* AppDelegate.swift */; };
		3F950A4921C1072D00745643 /* ViewController.swift in Sources */ = {isa = PBXBuildFile; fileRef = 3F950A4821C1072D00745643 /* ViewController.swift */; };
		3F950A4C21C1072D00745643 /* Main.storyboard in Resources */ = {isa = PBXBuildFile; fileRef = 3F950A4A21C1072D00745643 /* Main.storyboard */; };
		3F950A4E21C1072F00745643 /* Assets.xcassets in Resources */ = {isa = PBXBuildFile; fileRef = 3F950A4D21C1072F00745643 /* Assets.xcassets */; };
		3F950A5121C1072F00745643 /* LaunchScreen.storyboard in Resources */ = {isa = PBXBuildFile; fileRef = 3F950A4F21C1072F00745643 /* LaunchScreen.storyboard */; };
		3F950A5C21C1072F00745643 /* __3Tests.swift in Sources */ = {isa = PBXBuildFile; fileRef = 3F950A5B21C1072F00745643 /* __3Tests.swift */; };
		3F950A6721C1072F00745643 /* __3UITests.swift in Sources */ = {isa = PBXBuildFile; fileRef = 3F950A6621C1072F00745643 /* __3UITests.swift */; };
/* End PBXBuildFile section */

/* Begin PBXContainerItemProxy section */
		3F950A5821C1072F00745643 /* PBXContainerItemProxy */ = {
			isa = PBXContainerItemProxy;
			containerPortal = 3F950A3B21C1072D00745643 /* Project object */;
			proxyType = 1;
			remoteGlobalIDString = 3F950A4221C1072D00745643;
			remoteInfo = 9.3;
		};
		3F950A6321C1072F00745643 /* PBXContainerItemProxy */ = {
			isa = PBXContainerItemProxy;
			containerPortal = 3F950A3B21C1072D00745643 /* Project object */;
			proxyType = 1;
			remoteGlobalIDString = 3F950A4221C1072D00745643;
			remoteInfo = 9.3;
		};
/* End PBXContainerItemProxy section */

/* Begin PBXFileReference section */
		3F950A4321C1072D00745643 /* 9.3.app */ = {isa = PBXFileReference; explicitFileType = wrapper.application; includeInIndex = 0; path = 9.3.app; sourceTree = BUILT_PRODUCTS_DIR; };
		3F950A4621C1072D00745643 /* AppDelegate.swift */ = {isa = PBXFileReference; lastKnownFileType = sourcecode.swift; path = AppDelegate.swift; sourceTree = "<group>"; };
		3F950A4821C1072D00745643 /* ViewController.swift */ = {isa = PBXFileReference; lastKnownFileType = sourcecode.swift; path = ViewController.swift; sourceTree = "<group>"; };
		3F950A4B21C1072D00745643 /* Base */ = {isa = PBXFileReference; lastKnownFileType = file.storyboard; name = Base; path = Base.lproj/Main.storyboard; sourceTree = "<group>"; };
		3F950A4D21C1072F00745643 /* Assets.xcassets */ = {isa = PBXFileReference; lastKnownFileType = folder.assetcatalog; path = Assets.xcassets; sourceTree = "<group>"; };
		3F950A5021C1072F00745643 /* Base */ = {isa = PBXFileReference; lastKnownFileType = file.storyboard; name = Base; path = Base.lproj/LaunchScreen.storyboard; sourceTree = "<group>"; };
		3F950A5221C1072F00745643 /* Info.plist */ = {isa = PBXFileReference; lastKnownFileType = text.plist.xml; path = Info.plist; sourceTree = "<group>"; };
		3F950A5721C1072F00745643 /* 9.3Tests.xctest */ = {isa = PBXFileReference; explicitFileType = wrapper.cfbundle; includeInIndex = 0; path = 9.3Tests.xctest; sourceTree = BUILT_PRODUCTS_DIR; };
		3F950A5B21C1072F00745643 /* __3Tests.swift */ = {isa = PBXFileReference; lastKnownFileType = sourcecode.swift; path = __3Tests.swift; sourceTree = "<group>"; };
		3F950A5D21C1072F00745643 /* Info.plist */ = {isa = PBXFileReference; lastKnownFileType = text.plist.xml; path = Info.plist; sourceTree = "<group>"; };
		3F950A6221C1072F00745643 /* 9.3UITests.xctest */ = {isa = PBXFileReference; explicitFileType = wrapper.cfbundle; includeInIndex = 0; path = 9.3UITests.xctest; sourceTree = BUILT_PRODUCTS_DIR; };
		3F950A6621C1072F00745643 /* __3UITests.swift */ = {isa = PBXFileReference; lastKnownFileType = sourcecode.swift; path = __3UITests.swift; sourceTree = "<group>"; };
		3F950A6821C1072F00745643 /* Info.plist */ = {isa = PBXFileReference; lastKnownFileType = text.plist.xml; path = Info.plist; sourceTree = "<group>"; };
/* End PBXFileReference section */

/* Begin PBXFrameworksBuildPhase section */
		3F950A4021C1072D00745643 /* Frameworks */ = {
			isa = PBXFrameworksBuildPhase;
			buildActionMask = 2147483647;
			files = (
			);
			runOnlyForDeploymentPostprocessing = 0;
		};
		3F950A5421C1072F00745643 /* Frameworks */ = {
			isa = PBXFrameworksBuildPhase;
			buildActionMask = 2147483647;
			files = (
			);
			runOnlyForDeploymentPostprocessing = 0;
		};
		3F950A5F21C1072F00745643 /* Frameworks */ = {
			isa = PBXFrameworksBuildPhase;
			buildActionMask = 2147483647;
			files = (
			);
			runOnlyForDeploymentPostprocessing = 0;
		};
/* End PBXFrameworksBuildPhase section */

/* Begin PBXGroup section */
		3F950A3A21C1072D00745643 = {
			isa = PBXGroup;
			children = (
				3F950A4521C1072D00745643 /* 9.3 */,
				3F950A5A21C1072F00745643 /* 9.3Tests */,
				3F950A6521C1072F00745643 /* 9.3UITests */,
				3F950A4421C1072D00745643 /* Products */,
			);
			sourceTree = "<group>";
		};
		3F950A4421C1072D00745643 /* Products */ = {
			isa = PBXGroup;
			children = (
				3F950A4321C1072D00745643 /* 9.3.app */,
				3F950A5721C1072F00745643 /* 9.3Tests.xctest */,
				3F950A6221C1072F00745643 /* 9.3UITests.xctest */,
			);
			name = Products;
			sourceTree = "<group>";
		};
		3F950A4521C1072D00745643 /* 9.3 */ = {
			isa = PBXGroup;
			children = (
				3F950A4621C1072D00745643 /* AppDelegate.swift */,
				3F950A4821C1072D00745643 /* ViewController.swift */,
				3F950A4A21C1072D00745643 /* Main.storyboard */,
				3F950A4D21C1072F00745643 /* Assets.xcassets */,
				3F950A4F21C1072F00745643 /* LaunchScreen.storyboard */,
				3F950A5221C1072F00745643 /* Info.plist */,
			);
			path = 9.3;
			sourceTree = "<group>";
		};
		3F950A5A21C1072F00745643 /* 9.3Tests */ = {
			isa = PBXGroup;
			children = (
				3F950A5B21C1072F00745643 /* __3Tests.swift */,
				3F950A5D21C1072F00745643 /* Info.plist */,
			);
			path = 9.3Tests;
			sourceTree = "<group>";
		};
		3F950A6521C1072F00745643 /* 9.3UITests */ = {
			isa = PBXGroup;
			children = (
				3F950A6621C1072F00745643 /* __3UITests.swift */,
				3F950A6821C1072F00745643 /* Info.plist */,
			);
			path = 9.3UITests;
			sourceTree = "<group>";
		};
/* End PBXGroup section */

/* Begin PBXNativeTarget section */
		3F950A4221C1072D00745643 /* 9.3 */ = {
			isa = PBXNativeTarget;
			buildConfigurationList = 3F950A6B21C1072F00745643 /* Build configuration list for PBXNativeTarget "9.3" */;
			buildPhases = (
				3F950A3F21C1072D00745643 /* Sources */,
				3F950A4021C1072D00745643 /* Frameworks */,
				3F950A4121C1072D00745643 /* Resources */,
			);
			buildRules = (
			);
			dependencies = (
			);
			name = 9.3;
			productName = 9.3;
			productReference = 3F950A4321C1072D00745643 /* 9.3.app */;
			productType = "com.apple.product-type.application";
		};
		3F950A5621C1072F00745643 /* 9.3Tests */ = {
			isa = PBXNativeTarget;
			buildConfigurationList = 3F950A6E21C1072F00745643 /* Build configuration list for PBXNativeTarget "9.3Tests" */;
			buildPhases = (
				3F950A5321C1072F00745643 /* Sources */,
				3F950A5421C1072F00745643 /* Frameworks */,
				3F950A5521C1072F00745643 /* Resources */,
			);
			buildRules = (
			);
			dependencies = (
				3F950A5921C1072F00745643 /* PBXTargetDependency */,
			);
			name = 9.3Tests;
			productName = 9.3Tests;
			productReference = 3F950A5721C1072F00745643 /* 9.3Tests.xctest */;
			productType = "com.apple.product-type.bundle.unit-test";
		};
		3F950A6121C1072F00745643 /* 9.3UITests */ = {
			isa = PBXNativeTarget;
			buildConfigurationList = 3F950A7121C1072F00745643 /* Build configuration list for PBXNativeTarget "9.3UITests" */;
			buildPhases = (
				3F950A5E21C1072F00745643 /* Sources */,
				3F950A5F21C1072F00745643 /* Frameworks */,
				3F950A6021C1072F00745643 /* Resources */,
			);
			buildRules = (
			);
			dependencies = (
				3F950A6421C1072F00745643 /* PBXTargetDependency */,
			);
			name = 9.3UITests;
			productName = 9.3UITests;
			productReference = 3F950A6221C1072F00745643 /* 9.3UITests.xctest */;
			productType = "com.apple.product-type.bundle.ui-testing";
		};
/* End PBXNativeTarget section */

/* Begin PBXProject section */
		3F950A3B21C1072D00745643 /* Project object */ = {
			isa = PBXProject;
			attributes = {
				LastSwiftUpdateCheck = 1000;
				LastUpgradeCheck = 1000;
				ORGANIZATIONNAME = 2016110409;
				TargetAttributes = {
					3F950A4221C1072D00745643 = {
						CreatedOnToolsVersion = 10.0;
					};
					3F950A5621C1072F00745643 = {
						CreatedOnToolsVersion = 10.0;
						TestTargetID = 3F950A4221C1072D00745643;
					};
					3F950A6121C1072F00745643 = {
						CreatedOnToolsVersion = 10.0;
						TestTargetID = 3F950A4221C1072D00745643;
					};
				};
			};
			buildConfigurationList = 3F950A3E21C1072D00745643 /* Build configuration list for PBXProject "9.3" */;
			compatibilityVersion = "Xcode 9.3";
			developmentRegion = en;
			hasScannedForEncodings = 0;
			knownRegions = (
				en,
				Base,
			);
			mainGroup = 3F950A3A21C1072D00745643;
			productRefGroup = 3F950A4421C1072D00745643 /* Products */;
			projectDirPath = "";
			projectRoot = "";
			targets = (
				3F950A4221C1072D00745643 /* 9.3 */,
				3F950A5621C1072F00745643 /* 9.3Tests */,
				3F950A6121C1072F00745643 /* 9.3UITests */,
			);
		};
/* End PBXProject section */

/* Begin PBXResourcesBuildPhase section */
		3F950A4121C1072D00745643 /* Resources */ = {
			isa = PBXResourcesBuildPhase;
			buildActionMask = 2147483647;
			files = (
				3F950A5121C1072F00745643 /* LaunchScreen.storyboard in Resources */,
				3F950A4E21C1072F00745643 /* Assets.xcassets in Resources */,
				3F950A4C21C1072D00745643 /* Main.storyboard in Resources */,
			);
			runOnlyForDeploymentPostprocessing = 0;
		};
		3F950A5521C1072F00745643 /* Resources */ = {
			isa = PBXResourcesBuildPhase;
			buildActionMask = 2147483647;
			files = (
			);
			runOnlyForDeploymentPostprocessing = 0;
		};
		3F950A6021C1072F00745643 /* Resources */ = {
			isa = PBXResourcesBuildPhase;
			buildActionMask = 2147483647;
			files = (
			);
			runOnlyForDeploymentPostprocessing = 0;
		};
/* End PBXResourcesBuildPhase section */

/* Begin PBXSourcesBuildPhase section */
		3F950A3F21C1072D00745643 /* Sources */ = {
			isa = PBXSourcesBuildPhase;
			buildActionMask = 2147483647;
			files = (
				3F950A4921C1072D00745643 /* ViewController.swift in Sources */,
				3F950A4721C1072D00745643 /* AppDelegate.swift in Sources */,
			);
			runOnlyForDeploymentPostprocessing = 0;
		};
		3F950A5321C1072F00745643 /* Sources */ = {
			isa = PBXSourcesBuildPhase;
			buildActionMask = 2147483647;
			files = (
				3F950A5C21C1072F00745643 /* __3Tests.swift in Sources */,
			);
			runOnlyForDeploymentPostprocessing = 0;
		};
		3F950A5E21C1072F00745643 /* Sources */ = {
			isa = PBXSourcesBuildPhase;
			buildActionMask = 2147483647;
			files = (
				3F950A6721C1072F00745643 /* __3UITests.swift in Sources */,
			);
			runOnlyForDeploymentPostprocessing = 0;
		};
/* End PBXSourcesBuildPhase section */

/* Begin PBXTargetDependency section */
		3F950A5921C1072F00745643 /* PBXTargetDependency */ = {
			isa = PBXTargetDependency;
			target = 3F950A4221C1072D00745643 /* 9.3 */;
			targetProxy = 3F950A5821C1072F00745643 /* PBXContainerItemProxy */;
		};
		3F950A6421C1072F00745643 /* PBXTargetDependency */ = {
			isa = PBXTargetDependency;
			target = 3F950A4221C1072D00745643 /* 9.3 */;
			targetProxy = 3F950A6321C1072F00745643 /* PBXContainerItemProxy */;
		};
/* End PBXTargetDependency section */

/* Begin PBXVariantGroup section */
		3F950A4A21C1072D00745643 /* Main.storyboard */ = {
			isa = PBXVariantGroup;
			children = (
				3F950A4B21C1072D00745643 /* Base */,
			);
			name = Main.storyboard;
			sourceTree = "<group>";
		};
		3F950A4F21C1072F00745643 /* LaunchScreen.storyboard */ = {
			isa = PBXVariantGroup;
			children = (
				3F950A5021C1072F00745643 /* Base */,
			);
			name = LaunchScreen.storyboard;
			sourceTree = "<group>";
		};
/* End PBXVariantGroup section */

/* Begin XCBuildConfiguration section */
		3F950A6921C1072F00745643 /* Debug */ = {
			isa = XCBuildConfiguration;
			buildSettings = {
				ALWAYS_SEARCH_USER_PATHS = NO;
				CLANG_ANALYZER_NONNULL = YES;
				CLANG_ANALYZER_NUMBER_OBJECT_CONVERSION = YES_AGGRESSIVE;
				CLANG_CXX_LANGUAGE_STANDARD = "gnu++14";
				CLANG_CXX_LIBRARY = "libc++";
				CLANG_ENABLE_MODULES = YES;
				CLANG_ENABLE_OBJC_ARC = YES;
				CLANG_ENABLE_OBJC_WEAK = YES;
				CLANG_WARN_BLOCK_CAPTURE_AUTORELEASING = YES;
				CLANG_WARN_BOOL_CONVERSION = YES;
				CLANG_WARN_COMMA = YES;
				CLANG_WARN_CONSTANT_CONVERSION = YES;
				CLANG_WARN_DEPRECATED_OBJC_IMPLEMENTATIONS = YES;
				CLANG_WARN_DIRECT_OBJC_ISA_USAGE = YES_ERROR;
				CLANG_WARN_DOCUMENTATION_COMMENTS = YES;
				CLANG_WARN_EMPTY_BODY = YES;
				CLANG_WARN_ENUM_CONVERSION = YES;
				CLANG_WARN_INFINITE_RECURSION = YES;
				CLANG_WARN_INT_CONVERSION = YES;
				CLANG_WARN_NON_LITERAL_NULL_CONVERSION = YES;
				CLANG_WARN_OBJC_IMPLICIT_RETAIN_SELF = YES;
				CLANG_WARN_OBJC_LITERAL_CONVERSION = YES;
				CLANG_WARN_OBJC_ROOT_CLASS = YES_ERROR;
				CLANG_WARN_RANGE_LOOP_ANALYSIS = YES;
				CLANG_WARN_STRICT_PROTOTYPES = YES;
				CLANG_WARN_SUSPICIOUS_MOVE = YES;
				CLANG_WARN_UNGUARDED_AVAILABILITY = YES_AGGRESSIVE;
				CLANG_WARN_UNREACHABLE_CODE = YES;
				CLANG_WARN__DUPLICATE_METHOD_MATCH = YES;
				CODE_SIGN_IDENTITY = "iPhone Developer";
				COPY_PHASE_STRIP = NO;
				DEBUG_INFORMATION_FORMAT = dwarf;
				ENABLE_STRICT_OBJC_MSGSEND = YES;
				ENABLE_TESTABILITY = YES;
				GCC_C_LANGUAGE_STANDARD = gnu11;
				GCC_DYNAMIC_NO_PIC = NO;
				GCC_NO_COMMON_BLOCKS = YES;
				GCC_OPTIMIZATION_LEVEL = 0;
				GCC_PREPROCESSOR_DEFINITIONS = (
					"DEBUG=1",
					"$(inherited)",
				);
				GCC_WARN_64_TO_32_BIT_CONVERSION = YES;
				GCC_WARN_ABOUT_RETURN_TYPE = YES_ERROR;
				GCC_WARN_UNDECLARED_SELECTOR = YES;
				GCC_WARN_UNINITIALIZED_AUTOS = YES_AGGRESSIVE;
				GCC_WARN_UNUSED_FUNCTION = YES;
				GCC_WARN_UNUSED_VARIABLE = YES;
				IPHONEOS_DEPLOYMENT_TARGET = 12.0;
				MTL_ENABLE_DEBUG_INFO = INCLUDE_SOURCE;
				MTL_FAST_MATH = YES;
				ONLY_ACTIVE_ARCH = YES;
				SDKROOT = iphoneos;
				SWIFT_ACTIVE_COMPILATION_CONDITIONS = DEBUG;
				SWIFT_OPTIMIZATION_LEVEL = "-Onone";
			};
			name = Debug;
		};
		3F950A6A21C1072F00745643 /* Release */ = {
			isa = XCBuildConfiguration;
			buildSettings = {
				ALWAYS_SEARCH_USER_PATHS = NO;
				CLANG_ANALYZER_NONNULL = YES;
				CLANG_ANALYZER_NUMBER_OBJECT_CONVERSION = YES_AGGRESSIVE;
				CLANG_CXX_LANGUAGE_STANDARD = "gnu++14";
				CLANG_CXX_LIBRARY = "libc++";
				CLANG_ENABLE_MODULES = YES;
				CLANG_ENABLE_OBJC_ARC = YES;
				CLANG_ENABLE_OBJC_WEAK = YES;
				CLANG_WARN_BLOCK_CAPTURE_AUTORELEASING = YES;
				CLANG_WARN_BOOL_CONVERSION = YES;
				CLANG_WARN_COMMA = YES;
				CLANG_WARN_CONSTANT_CONVERSION = YES;
				CLANG_WARN_DEPRECATED_OBJC_IMPLEMENTATIONS = YES;
				CLANG_WARN_DIRECT_OBJC_ISA_USAGE = YES_ERROR;
				CLANG_WARN_DOCUMENTATION_COMMENTS = YES;
				CLANG_WARN_EMPTY_BODY = YES;
				CLANG_WARN_ENUM_CONVERSION = YES;
				CLANG_WARN_INFINITE_RECURSION = YES;
				CLANG_WARN_INT_CONVERSION = YES;
				CLANG_WARN_NON_LITERAL_NULL_CONVERSION = YES;
				CLANG_WARN_OBJC_IMPLICIT_RETAIN_SELF = YES;
				CLANG_WARN_OBJC_LITERAL_CONVERSION = YES;
				CLANG_WARN_OBJC_ROOT_CLASS = YES_ERROR;
				CLANG_WARN_RANGE_LOOP_ANALYSIS = YES;
				CLANG_WARN_STRICT_PROTOTYPES = YES;
				CLANG_WARN_SUSPICIOUS_MOVE = YES;
				CLANG_WARN_UNGUARDED_AVAILABILITY = YES_AGGRESSIVE;
				CLANG_WARN_UNREACHABLE_CODE = YES;
				CLANG_WARN__DUPLICATE_METHOD_MATCH = YES;
				CODE_SIGN_IDENTITY = "iPhone Developer";
				COPY_PHASE_STRIP = NO;
				DEBUG_INFORMATION_FORMAT = "dwarf-with-dsym";
				ENABLE_NS_ASSERTIONS = NO;
				ENABLE_STRICT_OBJC_MSGSEND = YES;
				GCC_C_LANGUAGE_STANDARD = gnu11;
				GCC_NO_COMMON_BLOCKS = YES;
				GCC_WARN_64_TO_32_BIT_CONVERSION = YES;
				GCC_WARN_ABOUT_RETURN_TYPE = YES_ERROR;
				GCC_WARN_UNDECLARED_SELECTOR = YES;
				GCC_WARN_UNINITIALIZED_AUTOS = YES_AGGRESSIVE;
				GCC_WARN_UNUSED_FUNCTION = YES;
				GCC_WARN_UNUSED_VARIABLE = YES;
				IPHONEOS_DEPLOYMENT_TARGET = 12.0;
				MTL_ENABLE_DEBUG_INFO = NO;
				MTL_FAST_MATH = YES;
				SDKROOT = iphoneos;
				SWIFT_COMPILATION_MODE = wholemodule;
				SWIFT_OPTIMIZATION_LEVEL = "-O";
				VALIDATE_PRODUCT = YES;
			};
			name = Release;
		};
		3F950A6C21C1072F00745643 /* Debug */ = {
			isa = XCBuildConfiguration;
			buildSettings = {
				ASSETCATALOG_COMPILER_APPICON_NAME = AppIcon;
				CODE_SIGN_STYLE = Automatic;
				INFOPLIST_FILE = 9.3/Info.plist;
				LD_RUNPATH_SEARCH_PATHS = (
					"$(inherited)",
					"@executable_path/Frameworks",
				);
				PRODUCT_BUNDLE_IDENTIFIER = "gjn.--3";
				PRODUCT_NAME = "$(TARGET_NAME)";
				SWIFT_VERSION = 4.2;
				TARGETED_DEVICE_FAMILY = "1,2";
			};
			name = Debug;
		};
		3F950A6D21C1072F00745643 /* Release */ = {
			isa = XCBuildConfiguration;
			buildSettings = {
				ASSETCATALOG_COMPILER_APPICON_NAME = AppIcon;
				CODE_SIGN_STYLE = Automatic;
				INFOPLIST_FILE = 9.3/Info.plist;
				LD_RUNPATH_SEARCH_PATHS = (
					"$(inherited)",
					"@executable_path/Frameworks",
				);
				PRODUCT_BUNDLE_IDENTIFIER = "gjn.--3";
				PRODUCT_NAME = "$(TARGET_NAME)";
				SWIFT_VERSION = 4.2;
				TARGETED_DEVICE_FAMILY = "1,2";
			};
			name = Release;
		};
		3F950A6F21C1072F00745643 /* Debug */ = {
			isa = XCBuildConfiguration;
			buildSettings = {
				ALWAYS_EMBED_SWIFT_STANDARD_LIBRARIES = YES;
				BUNDLE_LOADER = "$(TEST_HOST)";
				CODE_SIGN_STYLE = Automatic;
				INFOPLIST_FILE = 9.3Tests/Info.plist;
				LD_RUNPATH_SEARCH_PATHS = (
					"$(inherited)",
					"@executable_path/Frameworks",
					"@loader_path/Frameworks",
				);
				PRODUCT_BUNDLE_IDENTIFIER = "gjn.--3Tests";
				PRODUCT_NAME = "$(TARGET_NAME)";
				SWIFT_VERSION = 4.2;
				TARGETED_DEVICE_FAMILY = "1,2";
				TEST_HOST = "$(BUILT_PRODUCTS_DIR)/9.3.app/9.3";
			};
			name = Debug;
		};
		3F950A7021C1072F00745643 /* Release */ = {
			isa = XCBuildConfiguration;
			buildSettings = {
				ALWAYS_EMBED_SWIFT_STANDARD_LIBRARIES = YES;
				BUNDLE_LOADER = "$(TEST_HOST)";
				CODE_SIGN_STYLE = Automatic;
				INFOPLIST_FILE = 9.3Tests/Info.plist;
				LD_RUNPATH_SEARCH_PATHS = (
					"$(inherited)",
					"@executable_path/Frameworks",
					"@loader_path/Frameworks",
				);
				PRODUCT_BUNDLE_IDENTIFIER = "gjn.--3Tests";
				PRODUCT_NAME = "$(TARGET_NAME)";
				SWIFT_VERSION = 4.2;
				TARGETED_DEVICE_FAMILY = "1,2";
				TEST_HOST = "$(BUILT_PRODUCTS_DIR)/9.3.app/9.3";
			};
			name = Release;
		};
		3F950A7221C1072F00745643 /* Debug */ = {
			isa = XCBuildConfiguration;
			buildSettings = {
				ALWAYS_EMBED_SWIFT_STANDARD_LIBRARIES = YES;
				CODE_SIGN_STYLE = Automatic;
				INFOPLIST_FILE = 9.3UITests/Info.plist;
				LD_RUNPATH_SEARCH_PATHS = (
					"$(inherited)",
					"@executable_path/Frameworks",
					"@loader_path/Frameworks",
				);
				PRODUCT_BUNDLE_IDENTIFIER = "gjn.--3UITests";
				PRODUCT_NAME = "$(TARGET_NAME)";
				SWIFT_VERSION = 4.2;
				TARGETED_DEVICE_FAMILY = "1,2";
				TEST_TARGET_NAME = 9.3;
			};
			name = Debug;
		};
		3F950A7321C1072F00745643 /* Release */ = {
			isa = XCBuildConfiguration;
			buildSettings = {
				ALWAYS_EMBED_SWIFT_STANDARD_LIBRARIES = YES;
				CODE_SIGN_STYLE = Automatic;
				INFOPLIST_FILE = 9.3UITests/Info.plist;
				LD_RUNPATH_SEARCH_PATHS = (
					"$(inherited)",
					"@executable_path/Frameworks",
					"@loader_path/Frameworks",
				);
				PRODUCT_BUNDLE_IDENTIFIER = "gjn.--3UITests";
				PRODUCT_NAME = "$(TARGET_NAME)";
				SWIFT_VERSION = 4.2;
				TARGETED_DEVICE_FAMILY = "1,2";
				TEST_TARGET_NAME = 9.3;
			};
			name = Release;
		};
/* End XCBuildConfiguration section */

/* Begin XCConfigurationList section */
		3F950A3E21C1072D00745643 /* Build configuration list for PBXProject "9.3" */ = {
			isa = XCConfigurationList;
			buildConfigurations = (
				3F950A6921C1072F00745643 /* Debug */,
				3F950A6A21C1072F00745643 /* Release */,
			);
			defaultConfigurationIsVisible = 0;
			defaultConfigurationName = Release;
		};
		3F950A6B21C1072F00745643 /* Build configuration list for PBXNativeTarget "9.3" */ = {
			isa = XCConfigurationList;
			buildConfigurations = (
				3F950A6C21C1072F00745643 /* Debug */,
				3F950A6D21C1072F00745643 /* Release */,
			);
			defaultConfigurationIsVisible = 0;
			defaultConfigurationName = Release;
		};
		3F950A6E21C1072F00745643 /* Build configuration list for PBXNativeTarget "9.3Tests" */ = {
			isa = XCConfigurationList;
			buildConfigurations = (
				3F950A6F21C1072F00745643 /* Debug */,
				3F950A7021C1072F00745643 /* Release */,
			);
			defaultConfigurationIsVisible = 0;
			defaultConfigurationName = Release;
		};
		3F950A7121C1072F00745643 /* Build configuration list for PBXNativeTarget "9.3UITests" */ = {
			isa = XCConfigurationList;
			buildConfigurations = (
				3F950A7221C1072F00745643 /* Debug */,
				3F950A7321C1072F00745643 /* Release */,
			);
			defaultConfigurationIsVisible = 0;
			defaultConfigurationName = Release;
		};
/* End XCConfigurationList section */
	};
	rootObject = 3F950A3B21C1072D00745643 /* Project object */;
}
